{
  "lockfileVersion": 1,
  "configVersion": 1,
  "workspaces": {
    "": {
      "name": "gopal",
      "dependencies": {
        "@pixiv/three-vrm": "^3.5.3",
        "three": "^0.184.0",
      },
      "devDependencies": {
        "playwright": "^1.60.0",
      },
    },
  },
  "packages": {
    "@pixiv/three-vrm": ["@pixiv/three-vrm@3.5.3", "", { "dependencies": { "@pixiv/three-vrm-core": "3.5.3", "@pixiv/three-vrm-materials-hdr-emissive-multiplier": "3.5.3", "@pixiv/three-vrm-materials-mtoon": "3.5.3", "@pixiv/three-vrm-materials-v0compat": "3.5.3", "@pixiv/three-vrm-node-constraint": "3.5.3", "@pixiv/three-vrm-springbone": "3.5.3" }, "peerDependencies": { "three": ">=0.137" } }, "sha512-BHvkyedh0RzvSEiwcOf+oOWPAwMGW0xLWQ2CSU+rX/j5E6aII9ool/j97QD67NPlCwBD6lrMRa9RrzEg3xgORA=="],

    "@pixiv/three-vrm-core": ["@pixiv/three-vrm-core@3.5.3", "", { "dependencies": { "@pixiv/types-vrm-0.0": "3.5.3", "@pixiv/types-vrmc-vrm-1.0": "3.5.3" }, "peerDependencies": { "three": ">=0.137" } }, "sha512-iZDOkOxOnvT8vGPE2SgNRee3fQw/u11y4MULE9VPXN/LKSf946aVi+YfVnnMBRdwMfQ2uBNHxUvkIQlRIkXnHQ=="],

    "@pixiv/three-vrm-materials-hdr-emissive-multiplier": ["@pixiv/three-vrm-materials-hdr-emissive-multiplier@3.5.3", "", { "dependencies": { "@pixiv/types-vrmc-materials-hdr-emissive-multiplier-1.0": "3.5.3" }, "peerDependencies": { "three": ">=0.137" } }, "sha512-CGPVBzjmrG4yoKkHl7w03/ZJj+RfzQ9LjzI623MYIN9O9YkYd5627ls8ZpkbwN+sgboz7eIx9BkoNfWtLmEVSw=="],

    "@pixiv/three-vrm-materials-mtoon": ["@pixiv/three-vrm-materials-mtoon@3.5.3", "", { "dependencies": { "@pixiv/types-vrm-0.0": "3.5.3", "@pixiv/types-vrmc-materials-mtoon-1.0": "3.5.3" }, "peerDependencies": { "three": ">=0.137" } }, "sha512-lZk2q8mOEzBBy70PP6dMtgaMXn0yXzI4IPja9qU4o0c9EjF0SzkNRXAVBNKqLkqDvInyLi+tYBxhcYpbA5DwcA=="],

    "@pixiv/three-vrm-materials-v0compat": ["@pixiv/three-vrm-materials-v0compat@3.5.3", "", { "dependencies": { "@pixiv/types-vrm-0.0": "3.5.3", "@pixiv/types-vrmc-materials-mtoon-1.0": "3.5.3" }, "peerDependencies": { "three": ">=0.137" } }, "sha512-wU2a38zQasKXaBzm9z0uyp2Ee5+xIJ1FHlVkEcBsZrJ9ri6V0vHkaE5yw5mKaUI6fIHd4GcHlTuWw0Y3pSGh8A=="],

    "@pixiv/three-vrm-node-constraint": ["@pixiv/three-vrm-node-constraint@3.5.3", "", { "dependencies": { "@pixiv/types-vrmc-node-constraint-1.0": "3.5.3" }, "peerDependencies": { "three": ">=0.137" } }, "sha512-rYrM6bNu/IheDtk4xQs+Rn7QgyBp9LmzGyhV48iR+SYXRatztagf/lvxLiB8v70ubVf+uNDEWb5HeVxDMhwjkA=="],

    "@pixiv/three-vrm-springbone": ["@pixiv/three-vrm-springbone@3.5.3", "", { "dependencies": { "@pixiv/types-vrm-0.0": "3.5.3", "@pixiv/types-vrmc-springbone-1.0": "3.5.3", "@pixiv/types-vrmc-springbone-extended-collider-1.0": "3.5.3" }, "peerDependencies": { "three": ">=0.137" } }, "sha512-/C1PDrJaJt7Hd6qGfVEH00BHCKd/b8ElFj6VBphjdT02Qx8KoVCQH93PMkRcoD3PjqMvvr0FkH5N0cittfkgSA=="],

    "@pixiv/types-vrm-0.0": ["@pixiv/types-vrm-0.0@3.5.3", "", {}, "sha512-dkXmTqIxKC3A1AMs4Ts3DzlKN7SYab/d5QX9SvAwOUAe4wuafwzIYFzm+q85wNjlgSF4xuNuYIbqQfBcE7Mz0w=="],

    "@pixiv/types-vrmc-materials-hdr-emissive-multiplier-1.0": ["@pixiv/types-vrmc-materials-hdr-emissive-multiplier-1.0@3.5.3", "", {}, "sha512-G+g/Sw+/geG6xu6MYbb0mZFNTgczWXvLCs9CliXxhSKsXYE4SW9AbSlYqg9bPFA0fnNQN8vVQstnhO7FiL0ipg=="],

    "@pixiv/types-vrmc-materials-mtoon-1.0": ["@pixiv/types-vrmc-materials-mtoon-1.0@3.5.3", "", {}, "sha512-8T6K2j5U7mEs4o5azXFUfXuiddS2gBxPj2Xe9ZVZnguMVsOcNdeiISHXF5CTyfT8UHKbCTfpsn4YgDGpqdXSmw=="],

    "@pixiv/types-vrmc-node-constraint-1.0": ["@pixiv/types-vrmc-node-constraint-1.0@3.5.3", "", {}, "sha512-72RNVTbP0c4R57SWDT43xhwZE3r6vhUDxD7M34nlX+o2Wis/Kx+R+bnFCf4/proRt+52Xasp3J6l9KiMqCtZ2g=="],

    "@pixiv/types-vrmc-springbone-1.0": ["@pixiv/types-vrmc-springbone-1.0@3.5.3", "", {}, "sha512-3+Zw++ga16UxHiCTtEbd5HTbtXV+kyQsqvURm8IpVD4XGoSz1e2QJJP+vrbNBzRb7nUKYj4bVOFWGnULSx8sZQ=="],

    "@pixiv/types-vrmc-springbone-extended-collider-1.0": ["@pixiv/types-vrmc-springbone-extended-collider-1.0@3.5.3", "", {}, "sha512-DaKEfwWsV4xyu0wdWfJ/bPvYpAammj49n0em8JTy52TmOhUm5oTN0ZZ5cmgdL9PVqN9qmWUkOdnK1ck1Id2H3A=="],

    "@pixiv/types-vrmc-vrm-1.0": ["@pixiv/types-vrmc-vrm-1.0@3.5.3", "", {}, "sha512-3HsBZWKXU/CnY2J6uAVuYmM0NPt/e5jroQZH85WYK0EzYmebqTmWKF/fllguNliJQAovdhn8sIA8NbHZoQvbUA=="],

    "fsevents": ["fsevents@2.3.2", "", { "os": "darwin" }, "sha512-xiqMQR4xAeHTuB9uWm+fFRcIOgKBMiOBP+eXiyT7jsgVCq1bkVygt00oASowB7EdtpOHaaPgKt812P9ab+DDKA=="],

    "playwright": ["playwright@1.60.0", "", { "dependencies": { "playwright-core": "1.60.0" }, "optionalDependencies": { "fsevents": "2.3.2" }, "bin": { "playwright": "cli.js" } }, "sha512-hheHdokM8cdqCb0lcE3s+zT4t4W+vvjpGxsZlDnikarzx8tSzMebh3UiFtgqwFwnTnjYQcsyMF8ei2mCO/tpeA=="],

    "playwright-core": ["playwright-core@1.60.0", "", { "bin": { "playwright-core": "cli.js" } }, "sha512-9bW6zvX/m0lEbgTKJ6YppOKx8H3VOPBMOCFh2irXFOT4BbHgrx5hPjwJYLT40Lu+4qtD36qKc/Hn56StUW57IA=="],

    "three": ["three@0.184.0", "", {}, "sha512-wtTRjG92pM5eUg/KuUnHsqSAlPM296brTOcLgMRqEeylYTh/CdtvKUvCyyCQTzFuStieWxvZb8mVTMvdPyUpxg=="],
  }
}
